
Microsoft Visual Studio Solution File, Format Version 12.00
# Visual Studio Version 17
VisualStudioVersion = 17.2.32630.192
MinimumVisualStudioVersion = 10.0.40219.1
Project("{FAE04EC0-301F-11D3-BF4B-00C04F79EFBC}") = "Cimas", "Cimas\Cimas.csproj", "{F4E2AF57-820B-4D36-BBBD-82F3FF46D6C8}"
EndProject
Project("{2150E333-8FDC-42A3-9474-1A3956D46DE8}") = "App", "App", "{BB3BF17C-5FE5-4F31-BAE6-7521539E0803}"
EndProject
Project("{2150E333-8FDC-42A3-9474-1A3956D46DE8}") = "Libraries", "Libraries", "{AF75E1D5-2D18-45B4-8F11-20A86AB007CF}"
EndProject
Project("{FAE04EC0-301F-11D3-BF4B-00C04F79EFBC}") = "Cimas.Entities", "Libraries\Cimas.Entities\Cimas.Entities.csproj", "{7DC3CCFB-E3CC-4F33-9DE9-42D65D0528DF}"
EndProject
Project("{FAE04EC0-301F-11D3-BF4B-00C04F79EFBC}") = "Cimas.Сommon", "Libraries\Cimas.Сommon\Cimas.Сommon.csproj", "{9F029FE0-09A6-46EA-8C1F-3C6F85B34FEB}"
EndProject
Project("{FAE04EC0-301F-11D3-BF4B-00C04F79EFBC}") = "Cimas.Service", "Libraries\Cimas.Service\Cimas.Service.csproj", "{C7490297-AEEB-4689-8638-B196F073466A}"
EndProject
Project("{FAE04EC0-301F-11D3-BF4B-00C04F79EFBC}") = "Cimas.Storage", "Libraries\Cimas.Storage\Cimas.Storage.csproj", "{C8D6BEC9-4C67-407C-8BD1-025D9AFF8981}"
EndProject
Global
	GlobalSection(SolutionConfigurationPlatforms) = preSolution
		Debug|Any CPU = Debug|Any CPU
		Release|Any CPU = Release|Any CPU
	EndGlobalSection
	GlobalSection(ProjectConfigurationPlatforms) = postSolution
		{F4E2AF57-820B-4D36-BBBD-82F3FF46D6C8}.Debug|Any CPU.ActiveCfg = Debug|Any CPU
		{F4E2AF57-820B-4D36-BBBD-82F3FF46D6C8}.Debug|Any CPU.Build.0 = Debug|Any CPU
		{F4E2AF57-820B-4D36-BBBD-82F3FF46D6C8}.Release|Any CPU.ActiveCfg = Release|Any CPU
		{F4E2AF57-820B-4D36-BBBD-82F3FF46D6C8}.Release|Any CPU.Build.0 = Release|Any CPU
		{7DC3CCFB-E3CC-4F33-9DE9-42D65D0528DF}.Debug|Any CPU.ActiveCfg = Debug|Any CPU
		{7DC3CCFB-E3CC-4F33-9DE9-42D65D0528DF}.Debug|Any CPU.Build.0 = Debug|Any CPU
		{7DC3CCFB-E3CC-4F33-9DE9-42D65D0528DF}.Release|Any CPU.ActiveCfg = Release|Any CPU
		{7DC3CCFB-E3CC-4F33-9DE9-42D65D0528DF}.Release|Any CPU.Build.0 = Release|Any CPU
		{9F029FE0-09A6-46EA-8C1F-3C6F85B34FEB}.Debug|Any CPU.ActiveCfg = Debug|Any CPU
		{9F029FE0-09A6-46EA-8C1F-3C6F85B34FEB}.Debug|Any CPU.Build.0 = Debug|Any CPU
		{9F029FE0-09A6-46EA-8C1F-3C6F85B34FEB}.Release|Any CPU.ActiveCfg = Release|Any CPU
		{9F029FE0-09A6-46EA-8C1F-3C6F85B34FEB}.Release|Any CPU.Build.0 = Release|Any CPU
		{C7490297-AEEB-4689-8638-B196F073466A}.Debug|Any CPU.ActiveCfg = Debug|Any CPU
		{C7490297-AEEB-4689-8638-B196F073466A}.Debug|Any CPU.Build.0 = Debug|Any CPU
		{C7490297-AEEB-4689-8638-B196F073466A}.Release|Any CPU.ActiveCfg = Release|Any CPU
		{C7490297-AEEB-4689-8638-B196F073466A}.Release|Any CPU.Build.0 = Release|Any CPU
		{C8D6BEC9-4C67-407C-8BD1-025D9AFF8981}.Debug|Any CPU.ActiveCfg = Debug|Any CPU
		{C8D6BEC9-4C67-407C-8BD1-025D9AFF8981}.Debug|Any CPU.Build.0 = Debug|Any CPU
		{C8D6BEC9-4C67-407C-8BD1-025D9AFF8981}.Release|Any CPU.ActiveCfg = Release|Any CPU
		{C8D6BEC9-4C67-407C-8BD1-025D9AFF8981}.Release|Any CPU.Build.0 = Release|Any CPU
	EndGlobalSection
	GlobalSection(SolutionProperties) = preSolution
		HideSolutionNode = FALSE
	EndGlobalSection
	GlobalSection(NestedProjects) = preSolution
		{F4E2AF57-820B-4D36-BBBD-82F3FF46D6C8} = {BB3BF17C-5FE5-4F31-BAE6-7521539E0803}
		{7DC3CCFB-E3CC-4F33-9DE9-42D65D0528DF} = {AF75E1D5-2D18-45B4-8F11-20A86AB007CF}
		{9F029FE0-09A6-46EA-8C1F-3C6F85B34FEB} = {AF75E1D5-2D18-45B4-8F11-20A86AB007CF}
		{C7490297-AEEB-4689-8638-B196F073466A} = {AF75E1D5-2D18-45B4-8F11-20A86AB007CF}
		{C8D6BEC9-4C67-407C-8BD1-025D9AFF8981} = {AF75E1D5-2D18-45B4-8F11-20A86AB007CF}
	EndGlobalSection
	GlobalSection(ExtensibilityGlobals) = postSolution
		SolutionGuid = {95924DAA-3838-4DDC-A77B-52C397195019}
	EndGlobalSection
EndGlobal
